// !$*UTF8*$!
{
	archiveVersion = 1;
	classes = {
	};
	objectVersion = 50;
	objects = {

/* Begin PBXBuildFile section */
		64A8F09E2487668E0041780A /* AppDelegate.m in Sources */ = {isa = PBXBuildFile; fileRef = 64A8F09D2487668E0041780A /* AppDelegate.m */; };
		64A8F0A02487668F0041780A /* Assets.xcassets in Resources */ = {isa = PBXBuildFile; fileRef = 64A8F09F2487668F0041780A /* Assets.xcassets */; };
		64A8F0A32487668F0041780A /* MainMenu.xib in Resources */ = {isa = PBXBuildFile; fileRef = 64A8F0A12487668F0041780A /* MainMenu.xib */; };
		64A8F0A62487668F0041780A /* main.m in Sources */ = {isa = PBXBuildFile; fileRef = 64A8F0A52487668F0041780A /* main.m */; };
		64A8F0B224876E7A0041780A /* Speaker.m in Sources */ = {isa = PBXBuildFile; fileRef = 64A8F0B124876E7A0041780A /* Speaker.m */; };
/* End PBXBuildFile section */

/* Begin PBXFileReference section */
		64A8F0992487668E0041780A /* SpeakToDisk.app */ = {isa = PBXFileReference; explicitFileType = wrapper.application; includeInIndex = 0; path = SpeakToDisk.app; sourceTree = BUILT_PRODUCTS_DIR; };
		64A8F09C2487668E0041780A /* AppDelegate.h */ = {isa = PBXFileReference; lastKnownFileType = sourcecode.c.h; path = AppDelegate.h; sourceTree = "<group>"; };
		64A8F09D2487668E0041780A /* AppDelegate.m */ = {isa = PBXFileReference; lastKnownFileType = sourcecode.c.objc; path = AppDelegate.m; sourceTree = "<group>"; };
		64A8F09F2487668F0041780A /* Assets.xcassets */ = {isa = PBXFileReference; lastKnownFileType = folder.assetcatalog; path = Assets.xcassets; sourceTree = "<group>"; };
		64A8F0A22487668F0041780A /* Base */ = {isa = PBXFileReference; lastKnownFileType = file.xib; name = Base; path = Base.lproj/MainMenu.xib; sourceTree = "<group>"; };
		64A8F0A42487668F0041780A /* Info.plist */ = {isa = PBXFileReference; lastKnownFileType = text.plist.xml; path = Info.plist; sourceTree = "<group>"; };
		64A8F0A52487668F0041780A /* main.m */ = {isa = PBXFileReference; lastKnownFileType = sourcecode.c.objc; path = main.m; sourceTree = "<group>"; };
		64A8F0A72487668F0041780A /* SpeakToDisk.entitlements */ = {isa = PBXFileReference; lastKnownFileType = text.plist.entitlements; path = SpeakToDisk.entitlements; sourceTree = "<group>"; };
		64A8F0B024876E7A0041780A /* Speaker.h */ = {isa = PBXFileReference; lastKnownFileType = sourcecode.c.h; path = Speaker.h; sourceTree = "<group>"; };
		64A8F0B124876E7A0041780A /* Speaker.m */ = {isa = PBXFileReference; lastKnownFileType = sourcecode.c.objc; path = Speaker.m; sourceTree = "<group>"; };
/* End PBXFileReference section */

/* Begin PBXFrameworksBuildPhase section */
		64A8F0962487668E0041780A /* Frameworks */ = {
			isa = PBXFrameworksBuildPhase;
			buildActionMask = 2147483647;
			files = (
			);
			runOnlyForDeploymentPostprocessing = 0;
		};
/* End PBXFrameworksBuildPhase section */

/* Begin PBXGroup section */
		64A8F0902487668E0041780A = {
			isa = PBXGroup;
			children = (
				64A8F09B2487668E0041780A /* SpeakToDisk */,
				64A8F09A2487668E0041780A /* Products */,
			);
			sourceTree = "<group>";
		};
		64A8F09A2487668E0041780A /* Products */ = {
			isa = PBXGroup;
			children = (
				64A8F0992487668E0041780A /* SpeakToDisk.app */,
			);
			name = Products;
			sourceTree = "<group>";
		};
		64A8F09B2487668E0041780A /* SpeakToDisk */ = {
			isa = PBXGroup;
			children = (
				64A8F09C2487668E0041780A /* AppDelegate.h */,
				64A8F09D2487668E0041780A /* AppDelegate.m */,
				64A8F09F2487668F0041780A /* Assets.xcassets */,
				64A8F0A12487668F0041780A /* MainMenu.xib */,
				64A8F0B024876E7A0041780A /* Speaker.h */,
				64A8F0B124876E7A0041780A /* Speaker.m */,
				64A8F0A42487668F0041780A /* Info.plist */,
				64A8F0A52487668F0041780A /* main.m */,
				64A8F0A72487668F0041780A /* SpeakToDisk.entitlements */,
			);
			path = SpeakToDisk;
			sourceTree = "<group>";
		};
/* End PBXGroup section */

/* Begin PBXNativeTarget section */
		64A8F0982487668E0041780A /* SpeakToDisk */ = {
			isa = PBXNativeTarget;
			buildConfigurationList = 64A8F0AA2487668F0041780A /* Build configuration list for PBXNativeTarget "SpeakToDisk" */;
			buildPhases = (
				64A8F0952487668E0041780A /* Sources */,
				64A8F0962487668E0041780A /* Frameworks */,
				64A8F0972487668E0041780A /* Resources */,
			);
			buildRules = (
			);
			dependencies = (
			);
			name = SpeakToDisk;
			productName = SpeakToDisk;
			productReference = 64A8F0992487668E0041780A /* SpeakToDisk.app */;
			productType = "com.apple.product-type.application";
		};
/* End PBXNativeTarget section */

/* Begin PBXProject section */
		64A8F0912487668E0041780A /* Project object */ = {
			isa = PBXProject;
			attributes = {
				LastUpgradeCheck = 1130;
				ORGANIZATIONNAME = Kevin;
				TargetAttributes = {
					64A8F0982487668E0041780A = {
						CreatedOnToolsVersion = 11.3.1;
					};
				};
			};
			buildConfigurationList = 64A8F0942487668E0041780A /* Build configuration list for PBXProject "SpeakToDisk" */;
			compatibilityVersion = "Xcode 9.3";
			developmentRegion = en;
			hasScannedForEncodings = 0;
			knownRegions = (
				en,
				Base,
			);
			mainGroup = 64A8F0902487668E0041780A;
			productRefGroup = 64A8F09A2487668E0041780A /* Products */;
			projectDirPath = "";
			projectRoot = "";
			targets = (
				64A8F0982487668E0041780A /* SpeakToDisk */,
			);
		};
/* End PBXProject section */

/* Begin PBXResourcesBuildPhase section */
		64A8F0972487668E0041780A /* Resources */ = {
			isa = PBXResourcesBuildPhase;
			buildActionMask = 2147483647;
			files = (
				64A8F0A02487668F0041780A /* Assets.xcassets in Resources */,
				64A8F0A32487668F0041780A /* MainMenu.xib in Resources */,
			);
			runOnlyForDeploymentPostprocessing = 0;
		};
/* End PBXResourcesBuildPhase section */

/* Begin PBXSourcesBuildPhase section */
		64A8F0952487668E0041780A /* Sources */ = {
			isa = PBXSourcesBuildPhase;
			buildActionMask = 2147483647;
			files = (
				64A8F0A62487668F0041780A /* main.m in Sources */,
				64A8F09E2487668E0041780A /* AppDelegate.m in Sources */,
				64A8F0B224876E7A0041780A /* Speaker.m in Sources */,
			);
			runOnlyForDeploymentPostprocessing = 0;
		};
/* End PBXSourcesBuildPhase section */

/* Begin PBXVariantGroup section */
		64A8F0A12487668F0041780A /* MainMenu.xib */ = {
			isa = PBXVariantGroup;
			children = (
				64A8F0A22487668F0041780A /* Base */,
			);
			name = MainMenu.xib;
			sourceTree = "<group>";
		};
/* End PBXVariantGroup section */

/* Begin XCBuildConfiguration section */
		64A8F0A82487668F0041780A /* Debug */ = {
			isa = XCBuildConfiguration;
			buildSettings = {
				ALWAYS_SEARCH_USER_PATHS = NO;
				CLANG_ANALYZER_NONNULL = YES;
				CLANG_ANALYZER_NUMBER_OBJECT_CONVERSION = YES_AGGRESSIVE;
				CLANG_CXX_LANGUAGE_STANDARD = "gnu++14";
				CLANG_CXX_LIBRARY = "libc++";
				CLANG_ENABLE_MODULES = YES;
				CLANG_ENABLE_OBJC_ARC = YES;
				CLANG_ENABLE_OBJC_WEAK = YES;
				CLANG_WARN_BLOCK_CAPTURE_AUTORELEASING = YES;
				CLANG_WARN_BOOL_CONVERSION = YES;
				CLANG_WARN_COMMA = YES;
				CLANG_WARN_CONSTANT_CONVERSION = YES;
				CLANG_WARN_DEPRECATED_OBJC_IMPLEMENTATIONS = YES;
				CLANG_WARN_DIRECT_OBJC_ISA_USAGE = YES_ERROR;
				CLANG_WARN_DOCUMENTATION_COMMENTS = YES;
				CLANG_WARN_EMPTY_BODY = YES;
				CLANG_WARN_ENUM_CONVERSION = YES;
				CLANG_WARN_INFINITE_RECURSION = YES;
				CLANG_WARN_INT_CONVERSION = YES;
				CLANG_WARN_NON_LITERAL_NULL_CONVERSION = YES;
				CLANG_WARN_OBJC_IMPLICIT_RETAIN_SELF = YES;
				CLANG_WARN_OBJC_LITERAL_CONVERSION = YES;
				CLANG_WARN_OBJC_ROOT_CLASS = YES_ERROR;
				CLANG_WARN_RANGE_LOOP_ANALYSIS = YES;
				CLANG_WARN_STRICT_PROTOTYPES = YES;
				CLANG_WARN_SUSPICIOUS_MOVE = YES;
				CLANG_WARN_UNGUARDED_AVAILABILITY = YES_AGGRESSIVE;
				CLANG_WARN_UNREACHABLE_CODE = YES;
				CLANG_WARN__DUPLICATE_METHOD_MATCH = YES;
				COPY_PHASE_STRIP = NO;
				DEBUG_INFORMATION_FORMAT = dwarf;
				ENABLE_STRICT_OBJC_MSGSEND = YES;
				ENABLE_TESTABILITY = YES;
				GCC_C_LANGUAGE_STANDARD = gnu11;
				GCC_DYNAMIC_NO_PIC = NO;
				GCC_NO_COMMON_BLOCKS = YES;
				GCC_OPTIMIZATION_LEVEL = 0;
				GCC_PREPROCESSOR_DEFINITIONS = (
					"DEBUG=1",
					"$(inherited)",
				);
				GCC_WARN_64_TO_32_BIT_CONVERSION = YES;
				GCC_WARN_ABOUT_RETURN_TYPE = YES_ERROR;
				GCC_WARN_UNDECLARED_SELECTOR = YES;
				GCC_WARN_UNINITIALIZED_AUTOS = YES_AGGRESSIVE;
				GCC_WARN_UNUSED_FUNCTION = YES;
				GCC_WARN_UNUSED_VARIABLE = YES;
				MACOSX_DEPLOYMENT_TARGET = 10.14;
				MTL_ENABLE_DEBUG_INFO = INCLUDE_SOURCE;
				MTL_FAST_MATH = YES;
				ONLY_ACTIVE_ARCH = YES;
				SDKROOT = macosx;
			};
			name = Debug;
		};
		64A8F0A92487668F0041780A /* Release */ = {
			isa = XCBuildConfiguration;
			buildSettings = {
				ALWAYS_SEARCH_USER_PATHS = NO;
				CLANG_ANALYZER_NONNULL = YES;
				CLANG_ANALYZER_NUMBER_OBJECT_CONVERSION = YES_AGGRESSIVE;
				CLANG_CXX_LANGUAGE_STANDARD = "gnu++14";
				CLANG_CXX_LIBRARY = "libc++";
				CLANG_ENABLE_MODULES = YES;
				CLANG_ENABLE_OBJC_ARC = YES;
				CLANG_ENABLE_OBJC_WEAK = YES;
				CLANG_WARN_BLOCK_CAPTURE_AUTORELEASING = YES;
				CLANG_WARN_BOOL_CONVERSION = YES;
				CLANG_WARN_COMMA = YES;
				CLANG_WARN_CONSTANT_CONVERSION = YES;
				CLANG_WARN_DEPRECATED_OBJC_IMPLEMENTATIONS = YES;
				CLANG_WARN_DIRECT_OBJC_ISA_USAGE = YES_ERROR;
				CLANG_WARN_DOCUMENTATION_COMMENTS = YES;
				CLANG_WARN_EMPTY_BODY = YES;
				CLANG_WARN_ENUM_CONVERSION = YES;
				CLANG_WARN_INFINITE_RECURSION = YES;
				CLANG_WARN_INT_CONVERSION = YES;
				CLANG_WARN_NON_LITERAL_NULL_CONVERSION = YES;
				CLANG_WARN_OBJC_IMPLICIT_RETAIN_SELF = YES;
				CLANG_WARN_OBJC_LITERAL_CONVERSION = YES;
				CLANG_WARN_OBJC_ROOT_CLASS = YES_ERROR;
				CLANG_WARN_RANGE_LOOP_ANALYSIS = YES;
				CLANG_WARN_STRICT_PROTOTYPES = YES;
				CLANG_WARN_SUSPICIOUS_MOVE = YES;
				CLANG_WARN_UNGUARDED_AVAILABILITY = YES_AGGRESSIVE;
				CLANG_WARN_UNREACHABLE_CODE = YES;
				CLANG_WARN__DUPLICATE_METHOD_MATCH = YES;
				COPY_PHASE_STRIP = NO;
				DEBUG_INFORMATION_FORMAT = "dwarf-with-dsym";
				ENABLE_NS_ASSERTIONS = NO;
				ENABLE_STRICT_OBJC_MSGSEND = YES;
				GCC_C_LANGUAGE_STANDARD = gnu11;
				GCC_NO_COMMON_BLOCKS = YES;
				GCC_WARN_64_TO_32_BIT_CONVERSION = YES;
				GCC_WARN_ABOUT_RETURN_TYPE = YES_ERROR;
				GCC_WARN_UNDECLARED_SELECTOR = YES;
				GCC_WARN_UNINITIALIZED_AUTOS = YES_AGGRESSIVE;
				GCC_WARN_UNUSED_FUNCTION = YES;
				GCC_WARN_UNUSED_VARIABLE = YES;
				MACOSX_DEPLOYMENT_TARGET = 10.14;
				MTL_ENABLE_DEBUG_INFO = NO;
				MTL_FAST_MATH = YES;
				SDKROOT = macosx;
			};
			name = Release;
		};
		64A8F0AB2487668F0041780A /* Debug */ = {
			isa = XCBuildConfiguration;
			buildSettings = {
				ASSETCATALOG_COMPILER_APPICON_NAME = AppIcon;
				CODE_SIGN_ENTITLEMENTS = SpeakToDisk/SpeakToDisk.entitlements;
				CODE_SIGN_IDENTITY = "Apple Development";
				CODE_SIGN_STYLE = Automatic;
				COMBINE_HIDPI_IMAGES = YES;
				DEVELOPMENT_TEAM = A9C629674L;
				ENABLE_HARDENED_RUNTIME = YES;
				INFOPLIST_FILE = SpeakToDisk/Info.plist;
				LD_RUNPATH_SEARCH_PATHS = (
					"$(inherited)",
					"@executable_path/../Frameworks",
				);
				PRODUCT_BUNDLE_IDENTIFIER = com.kevingutowski.SpeakToDisk;
				PRODUCT_NAME = "$(TARGET_NAME)";
			};
			name = Debug;
		};
		64A8F0AC2487668F0041780A /* Release */ = {
			isa = XCBuildConfiguration;
			buildSettings = {
				ASSETCATALOG_COMPILER_APPICON_NAME = AppIcon;
				CODE_SIGN_ENTITLEMENTS = SpeakToDisk/SpeakToDisk.entitlements;
				CODE_SIGN_IDENTITY = "Apple Development";
				CODE_SIGN_STYLE = Automatic;
				COMBINE_HIDPI_IMAGES = YES;
				DEVELOPMENT_TEAM = A9C629674L;
				ENABLE_HARDENED_RUNTIME = YES;
				INFOPLIST_FILE = SpeakToDisk/Info.plist;
				LD_RUNPATH_SEARCH_PATHS = (
					"$(inherited)",
					"@executable_path/../Frameworks",
				);
				PRODUCT_BUNDLE_IDENTIFIER = com.kevingutowski.SpeakToDisk;
				PRODUCT_NAME = "$(TARGET_NAME)";
			};
			name = Release;
		};
/* End XCBuildConfiguration section */

/* Begin XCConfigurationList section */
		64A8F0942487668E0041780A /* Build configuration list for PBXProject "SpeakToDisk" */ = {
			isa = XCConfigurationList;
			buildConfigurations = (
				64A8F0A82487668F0041780A /* Debug */,
				64A8F0A92487668F0041780A /* Release */,
			);
			defaultConfigurationIsVisible = 0;
			defaultConfigurationName = Release;
		};
		64A8F0AA2487668F0041780A /* Build configuration list for PBXNativeTarget "SpeakToDisk" */ = {
			isa = XCConfigurationList;
			buildConfigurations = (
				64A8F0AB2487668F0041780A /* Debug */,
				64A8F0AC2487668F0041780A /* Release */,
			);
			defaultConfigurationIsVisible = 0;
			defaultConfigurationName = Release;
		};
/* End XCConfigurationList section */
	};
	rootObject = 64A8F0912487668E0041780A /* Project object */;
}
